
Microsoft Visual Studio Solution File, Format Version 12.00
# Visual Studio Version 17
VisualStudioVersion = 17.7.34003.232
MinimumVisualStudioVersion = 10.0.40219.1
Project("{2150E333-8FDC-42A3-9474-1A3956D46DE8}") = "Customer", "Customer", "{01DDD3F3-7FCE-45E9-9076-9F577CDEF083}"
EndProject
Project("{9A19103F-16F7-4668-BE54-9A1E7A4F7556}") = "Customer.Api", "Customer\Customer.Api\Customer.Api.csproj", "{B32A1D0B-2923-428E-B1A8-79DE9BE3D89E}"
EndProject
Project("{9A19103F-16F7-4668-BE54-9A1E7A4F7556}") = "Customer.Domain", "Customer\Customer.Domain\Customer.Domain.csproj", "{DF5C8942-4299-4497-822C-21B3DA6E549B}"
EndProject
Project("{9A19103F-16F7-4668-BE54-9A1E7A4F7556}") = "Customer.Infra.CrossCutting", "Customer\Customer.Infra.CrossCutting\Customer.Infra.CrossCutting.csproj", "{DE3FCCE1-2EE4-4717-B351-6C808D533525}"
EndProject
Project("{9A19103F-16F7-4668-BE54-9A1E7A4F7556}") = "Customer.Infra.Data", "Customer\Customer.Infra.Data\Customer.Infra.Data.csproj", "{3C580BAE-BAC8-4E80-AC8F-0117DDD59B46}"
EndProject
Project("{9A19103F-16F7-4668-BE54-9A1E7A4F7556}") = "Customer.Service", "Customer\Customer.Service\Customer.Service.csproj", "{D399B584-249C-48CD-B9A5-7E178275959F}"
EndProject
Project("{2150E333-8FDC-42A3-9474-1A3956D46DE8}") = "Event", "Event", "{5258528E-8C96-420F-B61B-BE88235FD10A}"
EndProject
Project("{9A19103F-16F7-4668-BE54-9A1E7A4F7556}") = "Event.Api", "Event\Event.Api\Event.Api.csproj", "{BBD1D3F5-F87E-43B0-9563-0B02B105F0DE}"
EndProject
Project("{9A19103F-16F7-4668-BE54-9A1E7A4F7556}") = "Event.Domain", "Event\Event.Domain\Event.Domain.csproj", "{15972A98-2C66-43FF-A7B3-863602101FF7}"
EndProject
Project("{9A19103F-16F7-4668-BE54-9A1E7A4F7556}") = "Event.Infra.CrossCutting", "Event\Event.Infra.CrossCutting\Event.Infra.CrossCutting.csproj", "{20A36D8A-9B6D-4735-9F46-298E9C25EACC}"
EndProject
Project("{9A19103F-16F7-4668-BE54-9A1E7A4F7556}") = "Event.Infra.Data", "Event\Event.Infra.Data\Event.Infra.Data.csproj", "{03A5E8F0-5D13-478F-9FA5-1E4150210067}"
EndProject
Project("{9A19103F-16F7-4668-BE54-9A1E7A4F7556}") = "Event.Service", "Event\Event.Service\Event.Service.csproj", "{5DBBF310-5577-40B1-A197-5DAD84693B7D}"
EndProject
Global
	GlobalSection(SolutionConfigurationPlatforms) = preSolution
		Debug|Any CPU = Debug|Any CPU
		Release|Any CPU = Release|Any CPU
	EndGlobalSection
	GlobalSection(ProjectConfigurationPlatforms) = postSolution
		{B32A1D0B-2923-428E-B1A8-79DE9BE3D89E}.Debug|Any CPU.ActiveCfg = Debug|Any CPU
		{B32A1D0B-2923-428E-B1A8-79DE9BE3D89E}.Debug|Any CPU.Build.0 = Debug|Any CPU
		{B32A1D0B-2923-428E-B1A8-79DE9BE3D89E}.Release|Any CPU.ActiveCfg = Release|Any CPU
		{B32A1D0B-2923-428E-B1A8-79DE9BE3D89E}.Release|Any CPU.Build.0 = Release|Any CPU
		{DF5C8942-4299-4497-822C-21B3DA6E549B}.Debug|Any CPU.ActiveCfg = Debug|Any CPU
		{DF5C8942-4299-4497-822C-21B3DA6E549B}.Debug|Any CPU.Build.0 = Debug|Any CPU
		{DF5C8942-4299-4497-822C-21B3DA6E549B}.Release|Any CPU.ActiveCfg = Release|Any CPU
		{DF5C8942-4299-4497-822C-21B3DA6E549B}.Release|Any CPU.Build.0 = Release|Any CPU
		{DE3FCCE1-2EE4-4717-B351-6C808D533525}.Debug|Any CPU.ActiveCfg = Debug|Any CPU
		{DE3FCCE1-2EE4-4717-B351-6C808D533525}.Debug|Any CPU.Build.0 = Debug|Any CPU
		{DE3FCCE1-2EE4-4717-B351-6C808D533525}.Release|Any CPU.ActiveCfg = Release|Any CPU
		{DE3FCCE1-2EE4-4717-B351-6C808D533525}.Release|Any CPU.Build.0 = Release|Any CPU
		{3C580BAE-BAC8-4E80-AC8F-0117DDD59B46}.Debug|Any CPU.ActiveCfg = Debug|Any CPU
		{3C580BAE-BAC8-4E80-AC8F-0117DDD59B46}.Debug|Any CPU.Build.0 = Debug|Any CPU
		{3C580BAE-BAC8-4E80-AC8F-0117DDD59B46}.Release|Any CPU.ActiveCfg = Release|Any CPU
		{3C580BAE-BAC8-4E80-AC8F-0117DDD59B46}.Release|Any CPU.Build.0 = Release|Any CPU
		{D399B584-249C-48CD-B9A5-7E178275959F}.Debug|Any CPU.ActiveCfg = Debug|Any CPU
		{D399B584-249C-48CD-B9A5-7E178275959F}.Debug|Any CPU.Build.0 = Debug|Any CPU
		{D399B584-249C-48CD-B9A5-7E178275959F}.Release|Any CPU.ActiveCfg = Release|Any CPU
		{D399B584-249C-48CD-B9A5-7E178275959F}.Release|Any CPU.Build.0 = Release|Any CPU
		{BBD1D3F5-F87E-43B0-9563-0B02B105F0DE}.Debug|Any CPU.ActiveCfg = Debug|Any CPU
		{BBD1D3F5-F87E-43B0-9563-0B02B105F0DE}.Debug|Any CPU.Build.0 = Debug|Any CPU
		{BBD1D3F5-F87E-43B0-9563-0B02B105F0DE}.Release|Any CPU.ActiveCfg = Release|Any CPU
		{BBD1D3F5-F87E-43B0-9563-0B02B105F0DE}.Release|Any CPU.Build.0 = Release|Any CPU
		{15972A98-2C66-43FF-A7B3-863602101FF7}.Debug|Any CPU.ActiveCfg = Debug|Any CPU
		{15972A98-2C66-43FF-A7B3-863602101FF7}.Debug|Any CPU.Build.0 = Debug|Any CPU
		{15972A98-2C66-43FF-A7B3-863602101FF7}.Release|Any CPU.ActiveCfg = Release|Any CPU
		{15972A98-2C66-43FF-A7B3-863602101FF7}.Release|Any CPU.Build.0 = Release|Any CPU
		{20A36D8A-9B6D-4735-9F46-298E9C25EACC}.Debug|Any CPU.ActiveCfg = Debug|Any CPU
		{20A36D8A-9B6D-4735-9F46-298E9C25EACC}.Debug|Any CPU.Build.0 = Debug|Any CPU
		{20A36D8A-9B6D-4735-9F46-298E9C25EACC}.Release|Any CPU.ActiveCfg = Release|Any CPU
		{20A36D8A-9B6D-4735-9F46-298E9C25EACC}.Release|Any CPU.Build.0 = Release|Any CPU
		{03A5E8F0-5D13-478F-9FA5-1E4150210067}.Debug|Any CPU.ActiveCfg = Debug|Any CPU
		{03A5E8F0-5D13-478F-9FA5-1E4150210067}.Debug|Any CPU.Build.0 = Debug|Any CPU
		{03A5E8F0-5D13-478F-9FA5-1E4150210067}.Release|Any CPU.ActiveCfg = Release|Any CPU
		{03A5E8F0-5D13-478F-9FA5-1E4150210067}.Release|Any CPU.Build.0 = Release|Any CPU
		{5DBBF310-5577-40B1-A197-5DAD84693B7D}.Debug|Any CPU.ActiveCfg = Debug|Any CPU
		{5DBBF310-5577-40B1-A197-5DAD84693B7D}.Debug|Any CPU.Build.0 = Debug|Any CPU
		{5DBBF310-5577-40B1-A197-5DAD84693B7D}.Release|Any CPU.ActiveCfg = Release|Any CPU
		{5DBBF310-5577-40B1-A197-5DAD84693B7D}.Release|Any CPU.Build.0 = Release|Any CPU
	EndGlobalSection
	GlobalSection(SolutionProperties) = preSolution
		HideSolutionNode = FALSE
	EndGlobalSection
	GlobalSection(NestedProjects) = preSolution
		{B32A1D0B-2923-428E-B1A8-79DE9BE3D89E} = {01DDD3F3-7FCE-45E9-9076-9F577CDEF083}
		{DF5C8942-4299-4497-822C-21B3DA6E549B} = {01DDD3F3-7FCE-45E9-9076-9F577CDEF083}
		{DE3FCCE1-2EE4-4717-B351-6C808D533525} = {01DDD3F3-7FCE-45E9-9076-9F577CDEF083}
		{3C580BAE-BAC8-4E80-AC8F-0117DDD59B46} = {01DDD3F3-7FCE-45E9-9076-9F577CDEF083}
		{D399B584-249C-48CD-B9A5-7E178275959F} = {01DDD3F3-7FCE-45E9-9076-9F577CDEF083}
		{BBD1D3F5-F87E-43B0-9563-0B02B105F0DE} = {5258528E-8C96-420F-B61B-BE88235FD10A}
		{15972A98-2C66-43FF-A7B3-863602101FF7} = {5258528E-8C96-420F-B61B-BE88235FD10A}
		{20A36D8A-9B6D-4735-9F46-298E9C25EACC} = {5258528E-8C96-420F-B61B-BE88235FD10A}
		{03A5E8F0-5D13-478F-9FA5-1E4150210067} = {5258528E-8C96-420F-B61B-BE88235FD10A}
		{5DBBF310-5577-40B1-A197-5DAD84693B7D} = {5258528E-8C96-420F-B61B-BE88235FD10A}
	EndGlobalSection
	GlobalSection(ExtensibilityGlobals) = postSolution
		SolutionGuid = {D3A9DA40-572B-4508-833C-CB9593B63D58}
	EndGlobalSection
EndGlobal
